
Microsoft Visual Studio Solution File, Format Version 12.00
# Visual Studio Version 16
VisualStudioVersion = 16.0.31025.194
MinimumVisualStudioVersion = 10.0.40219.1
Project("{9A19103F-16F7-4668-BE54-9A1E7A4F7556}") = "Backend", "Backend\Backend.csproj", "{F65302E1-977A-4823-BB3B-8AD15169BE69}"
	ProjectSection(ProjectDependencies) = postProject
		{88D78AD2-0DE6-4035-A7CC-24B88D7BDD8A} = {88D78AD2-0DE6-4035-A7CC-24B88D7BDD8A}
	EndProjectSection
EndProject
Project("{9092AA53-FB77-4645-B42D-1CCCA6BD08BD}") = "Frontend", "Frontend\Frontend.njsproj", "{88D78AD2-0DE6-4035-A7CC-24B88D7BDD8A}"
EndProject
Global
	GlobalSection(SolutionConfigurationPlatforms) = preSolution
		Debug|Any CPU = Debug|Any CPU
		Release|Any CPU = Release|Any CPU
	EndGlobalSection
	GlobalSection(ProjectConfigurationPlatforms) = postSolution
		{F65302E1-977A-4823-BB3B-8AD15169BE69}.Debug|Any CPU.ActiveCfg = Debug|Any CPU
		{F65302E1-977A-4823-BB3B-8AD15169BE69}.Debug|Any CPU.Build.0 = Debug|Any CPU
		{F65302E1-977A-4823-BB3B-8AD15169BE69}.Release|Any CPU.ActiveCfg = Release|Any CPU
		{F65302E1-977A-4823-BB3B-8AD15169BE69}.Release|Any CPU.Build.0 = Release|Any CPU
		{88D78AD2-0DE6-4035-A7CC-24B88D7BDD8A}.Debug|Any CPU.ActiveCfg = Debug|Any CPU
		{88D78AD2-0DE6-4035-A7CC-24B88D7BDD8A}.Debug|Any CPU.Build.0 = Debug|Any CPU
		{88D78AD2-0DE6-4035-A7CC-24B88D7BDD8A}.Release|Any CPU.ActiveCfg = Release|Any CPU
		{88D78AD2-0DE6-4035-A7CC-24B88D7BDD8A}.Release|Any CPU.Build.0 = Release|Any CPU
	EndGlobalSection
	GlobalSection(SolutionProperties) = preSolution
		HideSolutionNode = FALSE
	EndGlobalSection
	GlobalSection(ExtensibilityGlobals) = postSolution
		SolutionGuid = {B166BFDB-C05A-456D-A36B-83086EA78A40}
	EndGlobalSection
EndGlobal
